
Microsoft Visual Studio Solution File, Format Version 12.00
# Visual Studio Version 17
VisualStudioVersion = 17.14.36109.1 d17.14
MinimumVisualStudioVersion = 10.0.40219.1
Project("{FAE04EC0-301F-11D3-BF4B-00C04F79EFBC}") = "CareNest_Address.API", "CareNest_Address.API\CareNest_Address.API.csproj", "{C0049307-A018-47AA-A33D-23E65356BE27}"
EndProject
Project("{FAE04EC0-301F-11D3-BF4B-00C04F79EFBC}") = "CareNest_Address.Infrastructure", "CareNest_Address.Infrastructure\CareNest_Address.Infrastructure.csproj", "{C29E7AFE-B4C9-4774-A98D-225E569145AB}"
EndProject
Project("{FAE04EC0-301F-11D3-BF4B-00C04F79EFBC}") = "CareNest_Address.Domain", "CareNest_Address.Domain\CareNest_Address.Domain.csproj", "{14F2BD0C-A4C6-4CD5-ACB5-7259263B1FA2}"
EndProject
Project("{FAE04EC0-301F-11D3-BF4B-00C04F79EFBC}") = "CareNest_Address.Application", "CareNest_Address.Application\CareNest_Address.Application.csproj", "{FCFBC714-9B09-43FC-BE10-1023D208EA31}"
EndProject
Project("{FAE04EC0-301F-11D3-BF4B-00C04F79EFBC}") = "Shared", "Shared\Shared.csproj", "{AD10A6D8-5220-414D-83EC-177715AC6D9D}"
EndProject
Global
	GlobalSection(SolutionConfigurationPlatforms) = preSolution
		Debug|Any CPU = Debug|Any CPU
		Release|Any CPU = Release|Any CPU
	EndGlobalSection
	GlobalSection(ProjectConfigurationPlatforms) = postSolution
		{C0049307-A018-47AA-A33D-23E65356BE27}.Debug|Any CPU.ActiveCfg = Debug|Any CPU
		{C0049307-A018-47AA-A33D-23E65356BE27}.Debug|Any CPU.Build.0 = Debug|Any CPU
		{C0049307-A018-47AA-A33D-23E65356BE27}.Release|Any CPU.ActiveCfg = Release|Any CPU
		{C0049307-A018-47AA-A33D-23E65356BE27}.Release|Any CPU.Build.0 = Release|Any CPU
		{C29E7AFE-B4C9-4774-A98D-225E569145AB}.Debug|Any CPU.ActiveCfg = Debug|Any CPU
		{C29E7AFE-B4C9-4774-A98D-225E569145AB}.Debug|Any CPU.Build.0 = Debug|Any CPU
		{C29E7AFE-B4C9-4774-A98D-225E569145AB}.Release|Any CPU.ActiveCfg = Release|Any CPU
		{C29E7AFE-B4C9-4774-A98D-225E569145AB}.Release|Any CPU.Build.0 = Release|Any CPU
		{14F2BD0C-A4C6-4CD5-ACB5-7259263B1FA2}.Debug|Any CPU.ActiveCfg = Debug|Any CPU
		{14F2BD0C-A4C6-4CD5-ACB5-7259263B1FA2}.Debug|Any CPU.Build.0 = Debug|Any CPU
		{14F2BD0C-A4C6-4CD5-ACB5-7259263B1FA2}.Release|Any CPU.ActiveCfg = Release|Any CPU
		{14F2BD0C-A4C6-4CD5-ACB5-7259263B1FA2}.Release|Any CPU.Build.0 = Release|Any CPU
		{FCFBC714-9B09-43FC-BE10-1023D208EA31}.Debug|Any CPU.ActiveCfg = Debug|Any CPU
		{FCFBC714-9B09-43FC-BE10-1023D208EA31}.Debug|Any CPU.Build.0 = Debug|Any CPU
		{FCFBC714-9B09-43FC-BE10-1023D208EA31}.Release|Any CPU.ActiveCfg = Release|Any CPU
		{FCFBC714-9B09-43FC-BE10-1023D208EA31}.Release|Any CPU.Build.0 = Release|Any CPU
		{AD10A6D8-5220-414D-83EC-177715AC6D9D}.Debug|Any CPU.ActiveCfg = Debug|Any CPU
		{AD10A6D8-5220-414D-83EC-177715AC6D9D}.Debug|Any CPU.Build.0 = Debug|Any CPU
		{AD10A6D8-5220-414D-83EC-177715AC6D9D}.Release|Any CPU.ActiveCfg = Release|Any CPU
		{AD10A6D8-5220-414D-83EC-177715AC6D9D}.Release|Any CPU.Build.0 = Release|Any CPU
	EndGlobalSection
	GlobalSection(SolutionProperties) = preSolution
		HideSolutionNode = FALSE
	EndGlobalSection
	GlobalSection(ExtensibilityGlobals) = postSolution
		SolutionGuid = {82A1FC4B-F2E9-4205-9B5D-08B5E11FE4D3}
	EndGlobalSection
EndGlobal
